
Microsoft Visual Studio Solution File, Format Version 12.00
# Visual Studio Version 16
VisualStudioVersion = 16.0.29613.14
MinimumVisualStudioVersion = 10.0.40219.1
Project("{FAE04EC0-301F-11D3-BF4B-00C04F79EFBC}") = "ClassesAndFiles", "ClassesAndFiles\ClassesAndFiles.csproj", "{CFB9EF26-345D-4F5E-AC34-3D622D6C161F}"
EndProject
Global
	GlobalSection(SolutionConfigurationPlatforms) = preSolution
		Debug|Any CPU = Debug|Any CPU
		Release|Any CPU = Release|Any CPU
	EndGlobalSection
	GlobalSection(ProjectConfigurationPlatforms) = postSolution
		{CFB9EF26-345D-4F5E-AC34-3D622D6C161F}.Debug|Any CPU.ActiveCfg = Debug|Any CPU
		{CFB9EF26-345D-4F5E-AC34-3D622D6C161F}.Debug|Any CPU.Build.0 = Debug|Any CPU
		{CFB9EF26-345D-4F5E-AC34-3D622D6C161F}.Release|Any CPU.ActiveCfg = Release|Any CPU
		{CFB9EF26-345D-4F5E-AC34-3D622D6C161F}.Release|Any CPU.Build.0 = Release|Any CPU
	EndGlobalSection
	GlobalSection(SolutionProperties) = preSolution
		HideSolutionNode = FALSE
	EndGlobalSection
	GlobalSection(ExtensibilityGlobals) = postSolution
		SolutionGuid = {A0FAA184-D812-489A-8431-E048D546E65D}
	EndGlobalSection
EndGlobal
